
Microsoft Visual Studio Solution File, Format Version 12.00
# Visual Studio Version 16
VisualStudioVersion = 16.0.29728.190
MinimumVisualStudioVersion = 10.0.40219.1
Project("{9A19103F-16F7-4668-BE54-9A1E7A4F7556}") = "ConcurrentDbActions.Domain", "ConcurrentDbActions.Domain\ConcurrentDbActions.Domain.csproj", "{7D2F0080-72B7-413B-BFDA-26C4E7EA1EE5}"
EndProject
Project("{9A19103F-16F7-4668-BE54-9A1E7A4F7556}") = "ConcurrentDbActions.Service", "ConcurrentDbActions.Service\ConcurrentDbActions.Service.csproj", "{288DBB48-A49C-427E-90AC-5F17339C66E3}"
EndProject
Project("{9A19103F-16F7-4668-BE54-9A1E7A4F7556}") = "ConcurrentDbActions.Data", "ConcurrentDbActions.Data\ConcurrentDbActions.Data.csproj", "{C7A04826-81A3-4687-80B9-DB8258CDA0C3}"
EndProject
Project("{9A19103F-16F7-4668-BE54-9A1E7A4F7556}") = "ConcurrentDbActions.Api", "ConcurrentDbActions.Api\ConcurrentDbActions.Api.csproj", "{D2A787BD-14D8-41C5-969A-06CF1600EED2}"
EndProject
Global
	GlobalSection(SolutionConfigurationPlatforms) = preSolution
		Debug|Any CPU = Debug|Any CPU
		Release|Any CPU = Release|Any CPU
	EndGlobalSection
	GlobalSection(ProjectConfigurationPlatforms) = postSolution
		{7D2F0080-72B7-413B-BFDA-26C4E7EA1EE5}.Debug|Any CPU.ActiveCfg = Debug|Any CPU
		{7D2F0080-72B7-413B-BFDA-26C4E7EA1EE5}.Debug|Any CPU.Build.0 = Debug|Any CPU
		{7D2F0080-72B7-413B-BFDA-26C4E7EA1EE5}.Release|Any CPU.ActiveCfg = Release|Any CPU
		{7D2F0080-72B7-413B-BFDA-26C4E7EA1EE5}.Release|Any CPU.Build.0 = Release|Any CPU
		{288DBB48-A49C-427E-90AC-5F17339C66E3}.Debug|Any CPU.ActiveCfg = Debug|Any CPU
		{288DBB48-A49C-427E-90AC-5F17339C66E3}.Debug|Any CPU.Build.0 = Debug|Any CPU
		{288DBB48-A49C-427E-90AC-5F17339C66E3}.Release|Any CPU.ActiveCfg = Release|Any CPU
		{288DBB48-A49C-427E-90AC-5F17339C66E3}.Release|Any CPU.Build.0 = Release|Any CPU
		{C7A04826-81A3-4687-80B9-DB8258CDA0C3}.Debug|Any CPU.ActiveCfg = Debug|Any CPU
		{C7A04826-81A3-4687-80B9-DB8258CDA0C3}.Debug|Any CPU.Build.0 = Debug|Any CPU
		{C7A04826-81A3-4687-80B9-DB8258CDA0C3}.Release|Any CPU.ActiveCfg = Release|Any CPU
		{C7A04826-81A3-4687-80B9-DB8258CDA0C3}.Release|Any CPU.Build.0 = Release|Any CPU
		{D2A787BD-14D8-41C5-969A-06CF1600EED2}.Debug|Any CPU.ActiveCfg = Debug|Any CPU
		{D2A787BD-14D8-41C5-969A-06CF1600EED2}.Debug|Any CPU.Build.0 = Debug|Any CPU
		{D2A787BD-14D8-41C5-969A-06CF1600EED2}.Release|Any CPU.ActiveCfg = Release|Any CPU
		{D2A787BD-14D8-41C5-969A-06CF1600EED2}.Release|Any CPU.Build.0 = Release|Any CPU
	EndGlobalSection
	GlobalSection(SolutionProperties) = preSolution
		HideSolutionNode = FALSE
	EndGlobalSection
	GlobalSection(ExtensibilityGlobals) = postSolution
		SolutionGuid = {D6F866CC-A73D-4C98-909A-4A0B3AE8FB0C}
	EndGlobalSection
EndGlobal
